
Microsoft Visual Studio Solution File, Format Version 10.00
# Visual Basic Express 2008
Project("{F184B08F-C81C-45F6-A57F-5ABD9991F28F}") = "Operation Overlord", "Operation Overlord\Operation Overlord.vbproj", "{09FA3A3B-CE3E-4DAB-8952-1F8644B75E9C}"
EndProject
Global
	GlobalSection(SolutionConfigurationPlatforms) = preSolution
		Debug|Any CPU = Debug|Any CPU
		Release|Any CPU = Release|Any CPU
	EndGlobalSection
	GlobalSection(ProjectConfigurationPlatforms) = postSolution
		{09FA3A3B-CE3E-4DAB-8952-1F8644B75E9C}.Debug|Any CPU.ActiveCfg = Debug|Any CPU
		{09FA3A3B-CE3E-4DAB-8952-1F8644B75E9C}.Debug|Any CPU.Build.0 = Debug|Any CPU
		{09FA3A3B-CE3E-4DAB-8952-1F8644B75E9C}.Release|Any CPU.ActiveCfg = Release|Any CPU
		{09FA3A3B-CE3E-4DAB-8952-1F8644B75E9C}.Release|Any CPU.Build.0 = Release|Any CPU
	EndGlobalSection
	GlobalSection(SolutionProperties) = preSolution
		HideSolutionNode = FALSE
	EndGlobalSection
EndGlobal
